
Microsoft Visual Studio Solution File, Format Version 12.00
# Visual Studio Version 17
VisualStudioVersion = 17.13.35825.156 d17.13
MinimumVisualStudioVersion = 10.0.40219.1
Project("{FAE04EC0-301F-11D3-BF4B-00C04F79EFBC}") = "THR PBO", "THR PBO.csproj", "{7701DF89-DC15-400E-873A-96714D748CD5}"
EndProject
Global
	GlobalSection(SolutionConfigurationPlatforms) = preSolution
		Debug|Any CPU = Debug|Any CPU
		Release|Any CPU = Release|Any CPU
	EndGlobalSection
	GlobalSection(ProjectConfigurationPlatforms) = postSolution
		{7701DF89-DC15-400E-873A-96714D748CD5}.Debug|Any CPU.ActiveCfg = Debug|Any CPU
		{7701DF89-DC15-400E-873A-96714D748CD5}.Debug|Any CPU.Build.0 = Debug|Any CPU
		{7701DF89-DC15-400E-873A-96714D748CD5}.Release|Any CPU.ActiveCfg = Release|Any CPU
		{7701DF89-DC15-400E-873A-96714D748CD5}.Release|Any CPU.Build.0 = Release|Any CPU
	EndGlobalSection
	GlobalSection(SolutionProperties) = preSolution
		HideSolutionNode = FALSE
	EndGlobalSection
	GlobalSection(ExtensibilityGlobals) = postSolution
		SolutionGuid = {DBC93D35-0E12-4BE5-A8C2-5AE0A175BF2E}
	EndGlobalSection
EndGlobal
